{
  "nodes": {
    "nixpkgs": {
      "locked": {
        "lastModified": 1750391808,
        "narHash": "sha256-mm7kxHC1YqD6CYF3yeyf/XCqqMeu5AaDQXFJNmaIgkc=",
        "owner": "NixOS",
        "repo": "nixpkgs",
        "rev": "13a6c1a2d08ea41223d24a3f2867802a7e4f556d",
        "type": "github"
      },
      "original": {
        "owner": "NixOS",
        "repo": "nixpkgs",
        "type": "github"
      }
    },
    "root": {
      "inputs": {
        "nixpkgs": "nixpkgs"
      }
    }
  },
  "root": "root",
  "version": 7
}
