{
  "nodes": {
    "nixpkgs": {
      "locked": {
        "lastModified": 1756186768,
        "narHash": "sha256-Vsb31y26+BCM4D0v+EaIWE4clduuJsA6lILmKBKEUI0=",
        "owner": "NixOS",
        "repo": "nixpkgs",
        "rev": "75a69094206cc23b63bf84276cdee42361715052",
        "type": "github"
      },
      "original": {
        "owner": "NixOS",
        "repo": "nixpkgs",
        "type": "github"
      }
    },
    "root": {
      "inputs": {
        "nixpkgs": "nixpkgs"
      }
    }
  },
  "root": "root",
  "version": 7
}
